
Microsoft Visual Studio Solution File, Format Version 12.00
# Visual Studio Version 16
VisualStudioVersion = 16.0.29613.14
MinimumVisualStudioVersion = 10.0.40219.1
Project("{FAE04EC0-301F-11D3-BF4B-00C04F79EFBC}") = "PDFsignbulk", "PDFBULK\PDFsignbulk.csproj", "{602336BA-FA71-421E-B537-150E37797F74}"
EndProject
Project("{54435603-DBB4-11D2-8724-00A0C9A8B90C}") = "Setup1", "Setup1\Setup1.vdproj", "{110F2EE1-AA0B-41AE-B58A-B9B088338D6A}"
EndProject
Global
	GlobalSection(SolutionConfigurationPlatforms) = preSolution
		All|Any CPU = All|Any CPU
		Debug|Any CPU = Debug|Any CPU
		DefaultBuild|Any CPU = DefaultBuild|Any CPU
		Release|Any CPU = Release|Any CPU
	EndGlobalSection
	GlobalSection(ProjectConfigurationPlatforms) = postSolution
		{602336BA-FA71-421E-B537-150E37797F74}.All|Any CPU.ActiveCfg = Release|Any CPU
		{602336BA-FA71-421E-B537-150E37797F74}.All|Any CPU.Build.0 = Release|Any CPU
		{602336BA-FA71-421E-B537-150E37797F74}.Debug|Any CPU.ActiveCfg = Debug|Any CPU
		{602336BA-FA71-421E-B537-150E37797F74}.Debug|Any CPU.Build.0 = Debug|Any CPU
		{602336BA-FA71-421E-B537-150E37797F74}.DefaultBuild|Any CPU.ActiveCfg = Debug|Any CPU
		{602336BA-FA71-421E-B537-150E37797F74}.DefaultBuild|Any CPU.Build.0 = Debug|Any CPU
		{602336BA-FA71-421E-B537-150E37797F74}.Release|Any CPU.ActiveCfg = Release|Any CPU
		{602336BA-FA71-421E-B537-150E37797F74}.Release|Any CPU.Build.0 = Release|Any CPU
		{110F2EE1-AA0B-41AE-B58A-B9B088338D6A}.All|Any CPU.ActiveCfg = Release
		{110F2EE1-AA0B-41AE-B58A-B9B088338D6A}.Debug|Any CPU.ActiveCfg = Debug
		{110F2EE1-AA0B-41AE-B58A-B9B088338D6A}.DefaultBuild|Any CPU.ActiveCfg = Debug
		{110F2EE1-AA0B-41AE-B58A-B9B088338D6A}.Release|Any CPU.ActiveCfg = Release
		{110F2EE1-AA0B-41AE-B58A-B9B088338D6A}.Release|Any CPU.Build.0 = Release
	EndGlobalSection
	GlobalSection(SolutionProperties) = preSolution
		HideSolutionNode = FALSE
	EndGlobalSection
	GlobalSection(ExtensibilityGlobals) = postSolution
		SolutionGuid = {A9BDEE6F-274D-40D6-AF6D-3891DD2C1A0A}
	EndGlobalSection
EndGlobal
