
Microsoft Visual Studio Solution File, Format Version 12.00
# Visual Studio 2013
VisualStudioVersion = 12.0.30723.0
MinimumVisualStudioVersion = 10.0.40219.1
Project("{FAE04EC0-301F-11D3-BF4B-00C04F79EFBC}") = "PDFsignbulk", "PDFBULK\PDFsignbulk.csproj", "{602336BA-FA71-421E-B537-150E37797F74}"
EndProject
Project("{54435603-DBB4-11D2-8724-00A0C9A8B90C}") = "Pdf Bulk", "Setup\Setup.vdproj", "{4CCCF21F-AA76-4C0F-A150-BAA9A316D3F0}"
EndProject
Global
	GlobalSection(SolutionConfigurationPlatforms) = preSolution
		Debug|Any CPU = Debug|Any CPU
		Release|Any CPU = Release|Any CPU
	EndGlobalSection
	GlobalSection(ProjectConfigurationPlatforms) = postSolution
		{602336BA-FA71-421E-B537-150E37797F74}.Debug|Any CPU.ActiveCfg = Debug|Any CPU
		{602336BA-FA71-421E-B537-150E37797F74}.Debug|Any CPU.Build.0 = Debug|Any CPU
		{602336BA-FA71-421E-B537-150E37797F74}.Release|Any CPU.ActiveCfg = Release|Any CPU
		{4CCCF21F-AA76-4C0F-A150-BAA9A316D3F0}.Debug|Any CPU.ActiveCfg = Debug
		{4CCCF21F-AA76-4C0F-A150-BAA9A316D3F0}.Release|Any CPU.ActiveCfg = Release
		{4CCCF21F-AA76-4C0F-A150-BAA9A316D3F0}.Release|Any CPU.Build.0 = Release
	EndGlobalSection
	GlobalSection(SolutionProperties) = preSolution
		HideSolutionNode = FALSE
	EndGlobalSection
EndGlobal
